# THIS IS AN AUTOGENERATED FILE. DO NOT EDIT THIS FILE DIRECTLY.
# yarn lockfile v1


"@discordjs/collection@^0.1.1":
  version "0.1.3"
  resolved "https://registry.yarnpkg.com/@discordjs/collection/-/collection-0.1.3.tgz#af9b1c22ccb2ee5c0cad1e1bd2bc3d82a817b05f"
  integrity sha512-4ek19SmNcPI92942RkuBrZrBK8hg7nG+ae/skkNNDeOaUG+XvxTPkv/jPZVgXwVPDkU5EFsewsI+0n4dTwFvgA==

"@klasa/request-handler@^0.0.3":
  version "0.0.3"
  resolved "https://registry.yarnpkg.com/@klasa/request-handler/-/request-handler-0.0.3.tgz#ed72de611ece3dd99725cb797fc13e07bb05e618"
  integrity sha512-Z1O+Aa2kW/I4Uos4EZalByveIuQKRfuRx+JCsgsogDBd95N5Ub47AH+LEd5i+uzjnJ6iDHfodpVlaHojJ4Q+ZQ==

"@types/node-fetch@^2.5.4":
  version "2.5.4"
  resolved "https://registry.yarnpkg.com/@types/node-fetch/-/node-fetch-2.5.4.tgz#5245b6d8841fc3a6208b82291119bc11c4e0ce44"
  integrity sha512-Oz6id++2qAOFuOlE1j0ouk1dzl3mmI1+qINPNBhi9nt/gVOz0G+13Ao6qjhdF0Ys+eOkhu6JnFmt38bR3H0POQ==
  dependencies:
    "@types/node" "*"

"@types/node@*", "@types/node@^13.1.2":
  version "13.1.2"
  resolved "https://registry.yarnpkg.com/@types/node/-/node-13.1.2.tgz#fe94285bf5e0782e1a9e5a8c482b1c34465fa385"
  integrity sha512-B8emQA1qeKerqd1dmIsQYnXi+mmAzTB7flExjmy5X1aVAKFNNNDubkavwR13kR6JnpeLp3aLoJhwn9trWPAyFQ==

"@types/node@^11.11.3":
  version "11.15.3"
  resolved "https://registry.yarnpkg.com/@types/node/-/node-11.15.3.tgz#cb7f19846a83ac5a88fc22756b74633cdeb476a7"
  integrity sha512-5RzvXVietaB8S4dwDjxjltAOHtTO87fiksjqjWGZih97j6KSrdCDaRfmYMNrgrLM87odGBrsTHAl6N3fLraQaw==

"@types/ws@^6.0.4":
  version "6.0.4"
  resolved "https://registry.yarnpkg.com/@types/ws/-/ws-6.0.4.tgz#7797707c8acce8f76d8c34b370d4645b70421ff1"
  integrity sha512-PpPrX7SZW9re6+Ha8ojZG4Se8AZXgf0GK6zmfqEuCsY49LFDNXO3SByp44X3dFEqtB73lkCDAdUazhAjVPiNwg==
  dependencies:
    "@types/node" "*"

abort-controller@^3.0.0:
  version "3.0.0"
  resolved "https://registry.yarnpkg.com/abort-controller/-/abort-controller-3.0.0.tgz#eaf54d53b62bae4138e809ca225c8439a6efb392"
  integrity sha512-h8lQ8tacZYnR3vNQTgibj+tODHI5/+l06Au2Pcriv/Gmet0eaj4TwWH41sO9wnHDiQsEj19q0drzdWdeAHtweg==
  dependencies:
    event-target-shim "^5.0.0"

asynckit@^0.4.0:
  version "0.4.0"
  resolved "https://registry.yarnpkg.com/asynckit/-/asynckit-0.4.0.tgz#c79ed97f7f34cb8f2ba1bc9790bcc366474b4b79"
  integrity sha1-x57Zf380y48robyXkLzDZkdLS3k=

binarytf@^2.0.0:
  version "2.0.0"
  resolved "https://registry.yarnpkg.com/binarytf/-/binarytf-2.0.0.tgz#c5476cc5cdf023d075b9b8fa62612b86d36f666c"
  integrity sha512-CS0MvijAFAHBBw4LgIHBP7wzdW3KWEB0KeMjblK0rHOyyhnkoMu3puW7uhJXlnS5WDn5M2XQFaQBtw00FwRfcA==

bindings@1:
  version "1.5.0"
  resolved "https://registry.yarnpkg.com/bindings/-/bindings-1.5.0.tgz#10353c9e945334bc0511a6d90b38fbc7c9c504df"
  integrity sha512-p2q/t/mhvuOj/UeLlV6566GD/guowlr0hHxClI0W9m7MWYkL1F0hLo+0Aexs9HSPCtR1SXQ0TD3MMKrXZajbiQ==
  dependencies:
    file-uri-to-path "1.0.0"

bindings@~1.2.1:
  version "1.2.1"
  resolved "https://registry.yarnpkg.com/bindings/-/bindings-1.2.1.tgz#14ad6113812d2d37d72e67b4cacb4bb726505f11"
  integrity sha1-FK1hE4EtLTfXLme0ystLtyZQXxE=

bson@^1.1.1:
  version "1.1.3"
  resolved "https://registry.yarnpkg.com/bson/-/bson-1.1.3.tgz#aa82cb91f9a453aaa060d6209d0675114a8154d3"
  integrity sha512-TdiJxMVnodVS7r0BdL42y/pqC9cL2iKynVwA0Ho3qbsQYr428veL3l7BQyuqiw+Q5SqqoT0m4srSY/BlZ9AxXg==

combined-stream@^1.0.6:
  version "1.0.8"
  resolved "https://registry.yarnpkg.com/combined-stream/-/combined-stream-1.0.8.tgz#c3d45a8b34fd730631a110a8a2520682b31d5a7f"
  integrity sha512-FQN4MRfuJeHf7cBbBMJFXhKSDq+2kAArBlmRBvcvFE5BB1HZKXtSFASDhdlz9zOYwxh8lDdnvmMOe/+5cdoEdg==
  dependencies:
    delayed-stream "~1.0.0"

commander@^2.9.0:
  version "2.20.3"
  resolved "https://registry.yarnpkg.com/commander/-/commander-2.20.3.tgz#fd485e84c03eb4881c20722ba48035e8531aeb33"
  integrity sha512-GpVkmM8vF2vQUkj2LvZmD35JxeJOLCwJ9cUkugyk2nuhbv3+mJvpLYYt+0+USMxE+oj+ey/lJEnhZw75x/OMcQ==

debug@2:
  version "2.6.9"
  resolved "https://registry.yarnpkg.com/debug/-/debug-2.6.9.tgz#5d128515df134ff327e90a4c93f4e077a536341f"
  integrity sha512-bC7ElrdJaJnPbAP+1EotYvqZsb3ecl5wi6Bfi6BJTUcNowp6cvspg0jXznRTKDjm/E7AdgFBVeAPVMNcKGsHMA==
  dependencies:
    ms "2.0.0"

delayed-stream@~1.0.0:
  version "1.0.0"
  resolved "https://registry.yarnpkg.com/delayed-stream/-/delayed-stream-1.0.0.tgz#df3ae199acadfb7d440aaae0b29e2272b24ec619"
  integrity sha1-3zrhmayt+31ECqrgsp4icrJOxhk=

discord.js@discordjs/discord.js:
  version "12.0.0-dev"
  resolved "https://codeload.github.com/discordjs/discord.js/tar.gz/97eac663b3e1292cc399c56eb701069301f4637d"
  dependencies:
    "@discordjs/collection" "^0.1.1"
    abort-controller "^3.0.0"
    form-data "^2.3.3"
    node-fetch "^2.3.0"
    prism-media "^1.0.0"
    setimmediate "^1.0.5"
    tweetnacl "^1.0.1"
    ws "^7.2.0"

event-target-shim@^5.0.0:
  version "5.0.1"
  resolved "https://registry.yarnpkg.com/event-target-shim/-/event-target-shim-5.0.1.tgz#5d4d3ebdf9583d63a5333ce2deb7480ab2b05789"
  integrity sha512-i/2XbnSz/uxRCU6+NdVJgKWDTM427+MqYbkQzD321DuCQJUqOuJKIA0IM2+W2xtYHdKOmZ4dR6fExsd4SXL+WQ==

file-uri-to-path@1.0.0:
  version "1.0.0"
  resolved "https://registry.yarnpkg.com/file-uri-to-path/-/file-uri-to-path-1.0.0.tgz#553a7b8446ff6f684359c445f1e37a05dacc33dd"
  integrity sha512-0Zt+s3L7Vf1biwWZ29aARiVYLx7iMGnEUl9x33fbB/j3jR81u/O2LbqK+Bm1CDSNDKVtJ/YjwY7TUd5SkeLQLw==

form-data@^2.3.3:
  version "2.5.1"
  resolved "https://registry.yarnpkg.com/form-data/-/form-data-2.5.1.tgz#f2cbec57b5e59e23716e128fe44d4e5dd23895f4"
  integrity sha512-m21N3WOmEEURgk6B9GLOE4RuWOFf28Lhh9qGYeNlGq4VDXUlJy2th2slBNU8Gp8EzloYZOibZJ7t5ecIrFSjVA==
  dependencies:
    asynckit "^0.4.0"
    combined-stream "^1.0.6"
    mime-types "^2.1.12"

fs-nextra@^0.4.5:
  version "0.4.7"
  resolved "https://registry.yarnpkg.com/fs-nextra/-/fs-nextra-0.4.7.tgz#76af367029fc5dab360f112f3d38bbc7a7d24285"
  integrity sha512-N61ZytY7cF3VlPTQ+o90XK+TsdOaUPeX0cpwy5oOVbXaneSO6KorpsR2xSQr+GJbItkWzgu3h4ypSqCWjTeZKg==

html-entities@^1.1.3:
  version "1.2.1"
  resolved "https://registry.yarnpkg.com/html-entities/-/html-entities-1.2.1.tgz#0df29351f0721163515dfb9e5543e5f6eed5162f"
  integrity sha1-DfKTUfByEWNRXfueVUPl9u7VFi8=

iso8601-duration@^1.2.0:
  version "1.2.0"
  resolved "https://registry.yarnpkg.com/iso8601-duration/-/iso8601-duration-1.2.0.tgz#5fa6fc180a8fe95ad6a6721c9bdd9069cb59e80e"
  integrity sha512-ErTBd++b17E8nmWII1K1uZtBgD1E8RjyvwmxlCjPHNqHMD7gmcMHOw0E8Ro/6+QT4PhHRSnnMo7bxa1vFPkwhg==

klasa-dashboard-hooks@Kizuru/klasa-dashboard-hooks:
  version "0.0.1-dev"
  resolved "https://codeload.github.com/Kizuru/klasa-dashboard-hooks/tar.gz/9c07426c0462097cdb586040d2cecdd1cc4adb41"
  dependencies:
    node-fetch "^2.6.0"

klasa@dirigeants/klasa#settings:
  version "0.5.0-dev"
  resolved "https://codeload.github.com/dirigeants/klasa/tar.gz/aee79a51a6e845b6678e96fdd1a7cc1e27fda435"
  dependencies:
    "@klasa/request-handler" "^0.0.3"
    fs-nextra "^0.4.5"

kurasuta@^1.1.6:
  version "1.1.6"
  resolved "https://registry.yarnpkg.com/kurasuta/-/kurasuta-1.1.6.tgz#1002da31a2179af529a1598922d3e55bab94f78d"
  integrity sha512-nsUcTmKkL7brfeduHvfkRbYWmflf/y2vDKFkfF1iyBY4xiF8bTsGHY5VpXwLnyOr650/atJNRFZQONKIKKp3QQ==
  dependencies:
    discord.js discordjs/discord.js
    node-fetch "^2.6.0"
    veza "^1.1.0"

m3u8stream@^0.6.3:
  version "0.6.4"
  resolved "https://registry.yarnpkg.com/m3u8stream/-/m3u8stream-0.6.4.tgz#c2cdeb8401d340cc476029e433177caa089a26e9"
  integrity sha512-9WLF1VAtbVij03HWJKbVZ8L0orsoZiP53UljR5EwaDrozQFMsTGRDPe3PbzWV73He8a+j5H/hWZNoI2VkUSsiw==
  dependencies:
    miniget "^1.6.1"
    sax "^1.2.4"

memory-pager@^1.0.2:
  version "1.5.0"
  resolved "https://registry.yarnpkg.com/memory-pager/-/memory-pager-1.5.0.tgz#d8751655d22d384682741c972f2c3d6dfa3e66b5"
  integrity sha512-ZS4Bp4r/Zoeq6+NLJpP+0Zzm0pR8whtGPf1XExKLJBAczGMnSi3It14OiNCStjQjM6NU1okjQGSxgEZN8eBYKg==

mime-db@1.42.0:
  version "1.42.0"
  resolved "https://registry.yarnpkg.com/mime-db/-/mime-db-1.42.0.tgz#3e252907b4c7adb906597b4b65636272cf9e7bac"
  integrity sha512-UbfJCR4UAVRNgMpfImz05smAXK7+c+ZntjaA26ANtkXLlOe947Aag5zdIcKQULAiF9Cq4WxBi9jUs5zkA84bYQ==

mime-types@^2.1.12:
  version "2.1.25"
  resolved "https://registry.yarnpkg.com/mime-types/-/mime-types-2.1.25.tgz#39772d46621f93e2a80a856c53b86a62156a6437"
  integrity sha512-5KhStqB5xpTAeGqKBAMgwaYMnQik7teQN4IAzC7npDv6kzeU6prfkR67bc87J1kWMPGkoaZSq1npmexMgkmEVg==
  dependencies:
    mime-db "1.42.0"

miniget@^1.6.0, miniget@^1.6.1:
  version "1.6.1"
  resolved "https://registry.yarnpkg.com/miniget/-/miniget-1.6.1.tgz#f1ae08a34e06a2b1c3ace568384ea0def2fe5813"
  integrity sha512-I5oBwZmcaOuJrjQn7lpS29HM+aAZDbzKbX5ouxVyhFYdg6fA6YKOTwOCgzZQwlHuMek3FlCxz6eNrd4pOXbwOA==

mongodb@^3.4.1:
  version "3.4.1"
  resolved "https://registry.yarnpkg.com/mongodb/-/mongodb-3.4.1.tgz#0d15e57e0ea0fc85b7a4fb9291b374c2e71652dc"
  integrity sha512-juqt5/Z42J4DcE7tG7UdVaTKmUC6zinF4yioPfpeOSNBieWSK6qCY+0tfGQcHLKrauWPDdMZVROHJOa8q2pWsA==
  dependencies:
    bson "^1.1.1"
    require_optional "^1.0.1"
    safe-buffer "^5.1.2"
  optionalDependencies:
    saslprep "^1.0.0"

ms@2.0.0:
  version "2.0.0"
  resolved "https://registry.yarnpkg.com/ms/-/ms-2.0.0.tgz#5608aeadfc00be6c2901df5f9861788de0d597c8"
  integrity sha1-VgiurfwAvmwpAd9fmGF4jeDVl8g=

nan@2, nan@^2.14.0:
  version "2.14.0"
  resolved "https://registry.yarnpkg.com/nan/-/nan-2.14.0.tgz#7818f722027b2459a86f0295d434d1fc2336c52c"
  integrity sha512-INOFj37C7k3AfaNTtX8RhsTw7qRy7eLET14cROi9+5HAVbbHuIWUHEauBv5qT4Av2tWasiTY1Jw6puUNqRJXQg==

node-fetch@^2.3.0, node-fetch@^2.6.0:
  version "2.6.0"
  resolved "https://registry.yarnpkg.com/node-fetch/-/node-fetch-2.6.0.tgz#e633456386d4aa55863f676a7ab0daa8fdecb0fd"
  integrity sha512-8dG4H5ujfvFiqDmVu9fQ5bOHUC15JMjMY/Zumv26oOvvVJjM67KF8koCWIabKQ1GJIa9r2mMZscBq/TbdOcmNA==

node-opus@^0.3.3:
  version "0.3.3"
  resolved "https://registry.yarnpkg.com/node-opus/-/node-opus-0.3.3.tgz#bde2369b13b7d34f6e35d2a7fc97d7e4936d0211"
  integrity sha512-ZQniA8iJ6y/qOTmW6eyzM9m8odt4CIGV0NM9/U03/pYLhGyxy18QXO25WfrWd8XsUYx57tnxll2xxj54CN08uQ==
  dependencies:
    bindings "~1.2.1"
    commander "^2.9.0"
    nan "^2.14.0"
  optionalDependencies:
    ogg-packet "^1.0.0"

ogg-packet@^1.0.0:
  version "1.0.1"
  resolved "https://registry.yarnpkg.com/ogg-packet/-/ogg-packet-1.0.1.tgz#6b7d6c7a743c5f1ae9277c3b1271cac256af4785"
  integrity sha512-dW1ok3BMnMikyXGDIgVEckWnlViW8JLWQV4qj9aN/rNRVqHlDYSlcIEtSIMH7tpuUOiIxAhY3+OxNdIOm6s17A==
  dependencies:
    ref-struct "*"

prism-media@Kizuru/prism-media:
  version "1.1.0"
  resolved "https://codeload.github.com/Kizuru/prism-media/tar.gz/e693191225b7c0b8d6b50e3025db7dd7c18f3ee8"

prism-media@^1.0.0, prism-media@^1.0.1:
  version "1.1.0"
  resolved "https://registry.yarnpkg.com/prism-media/-/prism-media-1.1.0.tgz#64fd9abf64719d627b99360bfbe1a81d3ac0c593"
  integrity sha512-W+oxjRyjtd7hw3pefNZuc7YEZ6VICORJvVNfCPs0+7CsJ43CqMjGAYGjPL3hQ82vw03EVra+CiX4zisqOBUUGw==

ref-struct@*:
  version "1.1.0"
  resolved "https://registry.yarnpkg.com/ref-struct/-/ref-struct-1.1.0.tgz#5d5ee65ad41cefc3a5c5feb40587261e479edc13"
  integrity sha1-XV7mWtQc78Olxf60BYcmHkee3BM=
  dependencies:
    debug "2"
    ref "1"

ref@1:
  version "1.3.5"
  resolved "https://registry.yarnpkg.com/ref/-/ref-1.3.5.tgz#0e33f080cdb94a3d95312b2b3b1fd0f82044ca0f"
  integrity sha512-2cBCniTtxcGUjDpvFfVpw323a83/0RLSGJJY5l5lcomZWhYpU2cuLdsvYqMixvsdLJ9+sTdzEkju8J8ZHDM2nA==
  dependencies:
    bindings "1"
    debug "2"
    nan "2"

require_optional@^1.0.1:
  version "1.0.1"
  resolved "https://registry.yarnpkg.com/require_optional/-/require_optional-1.0.1.tgz#4cf35a4247f64ca3df8c2ef208cc494b1ca8fc2e"
  integrity sha512-qhM/y57enGWHAe3v/NcwML6a3/vfESLe/sGM2dII+gEO0BpKRUkWZow/tyloNqJyN6kXSl3RyyM8Ll5D/sJP8g==
  dependencies:
    resolve-from "^2.0.0"
    semver "^5.1.0"

resolve-from@^2.0.0:
  version "2.0.0"
  resolved "https://registry.yarnpkg.com/resolve-from/-/resolve-from-2.0.0.tgz#9480ab20e94ffa1d9e80a804c7ea147611966b57"
  integrity sha1-lICrIOlP+h2egKgEx+oUdhGWa1c=

safe-buffer@^5.1.2:
  version "5.2.0"
  resolved "https://registry.yarnpkg.com/safe-buffer/-/safe-buffer-5.2.0.tgz#b74daec49b1148f88c64b68d49b1e815c1f2f519"
  integrity sha512-fZEwUGbVl7kouZs1jCdMLdt95hdIv0ZeHg6L7qPeciMZhZ+/gdesW4wgTARkrFWEpspjEATAzUGPG8N2jJiwbg==

saslprep@^1.0.0:
  version "1.0.3"
  resolved "https://registry.yarnpkg.com/saslprep/-/saslprep-1.0.3.tgz#4c02f946b56cf54297e347ba1093e7acac4cf226"
  integrity sha512-/MY/PEMbk2SuY5sScONwhUDsV2p77Znkb/q3nSVstq/yQzYJOH/Azh29p9oJLsl3LnQwSvZDKagDGBsBwSooag==
  dependencies:
    sparse-bitfield "^3.0.3"

sax@^1.1.3, sax@^1.2.4:
  version "1.2.4"
  resolved "https://registry.yarnpkg.com/sax/-/sax-1.2.4.tgz#2816234e2378bddc4e5354fab5caa895df7100d9"
  integrity sha512-NqVDv9TpANUjFm0N8uM5GxL36UgKi9/atZw+x7YFnQ8ckwFGKrl4xX4yWtrey3UJm5nP1kUbnYgLopqWNSRhWw==

semver@^5.1.0:
  version "5.7.1"
  resolved "https://registry.yarnpkg.com/semver/-/semver-5.7.1.tgz#a954f931aeba508d307bbf069eff0c01c96116f7"
  integrity sha512-sauaDf/PZdVgrLTNYHRtpXa1iRiKcaebiKQ1BJdpQlWH2lCvexQdX55snPFyK7QzpudqbCI0qXFfOasHdyNDGQ==

setimmediate@^1.0.5:
  version "1.0.5"
  resolved "https://registry.yarnpkg.com/setimmediate/-/setimmediate-1.0.5.tgz#290cbb232e306942d7d7ea9b83732ab7856f8285"
  integrity sha1-KQy7Iy4waULX1+qbg3Mqt4VvgoU=

simple-youtube-api@^5.2.1:
  version "5.2.1"
  resolved "https://registry.yarnpkg.com/simple-youtube-api/-/simple-youtube-api-5.2.1.tgz#d1f6efb941ce404f50ce56e0c5e6bff249fcac6a"
  integrity sha512-vmndP9Bkh35tifn2OwY+th2imSsfYtmDqczgdOW5yEARFzvSoR8VSQFsivJnctfV5QHQUL6VrOpNdbmDRLh9Bg==
  dependencies:
    iso8601-duration "^1.2.0"
    node-fetch "^2.6.0"

sparse-bitfield@^3.0.3:
  version "3.0.3"
  resolved "https://registry.yarnpkg.com/sparse-bitfield/-/sparse-bitfield-3.0.3.tgz#ff4ae6e68656056ba4b3e792ab3334d38273ca11"
  integrity sha1-/0rm5oZWBWuks+eSqzM004JzyhE=
  dependencies:
    memory-pager "^1.0.2"

tweetnacl@^1.0.1:
  version "1.0.1"
  resolved "https://registry.yarnpkg.com/tweetnacl/-/tweetnacl-1.0.1.tgz#2594d42da73cd036bd0d2a54683dd35a6b55ca17"
  integrity sha512-kcoMoKTPYnoeS50tzoqjPY3Uv9axeuuFAZY9M/9zFnhoVvRfxz9K29IMPD7jGmt2c8SW7i3gT9WqDl2+nV7p4A==

typescript@^3.7.4:
  version "3.7.4"
  resolved "https://registry.yarnpkg.com/typescript/-/typescript-3.7.4.tgz#1743a5ec5fef6a1fa9f3e4708e33c81c73876c19"
  integrity sha512-A25xv5XCtarLwXpcDNZzCGvW2D1S3/bACratYBx2sax8PefsFhlYmkQicKHvpYflFS8if4zne5zT5kpJ7pzuvw==

veza@^1.1.0:
  version "1.1.0"
  resolved "https://registry.yarnpkg.com/veza/-/veza-1.1.0.tgz#f1910bdfa5293cf812b01b8e033b7c216793b2ab"
  integrity sha512-JxDVZZXwFJ+FxsX+kPdsjRK9XZdwayEYzPsPLxpZjzzgncWphjvMlzn8ioVAgeonZ/Aa7vEZOb4Hp13ergwybA==
  dependencies:
    binarytf "^2.0.0"

ws@^7.2.0:
  version "7.2.1"
  resolved "https://registry.yarnpkg.com/ws/-/ws-7.2.1.tgz#03ed52423cd744084b2cf42ed197c8b65a936b8e"
  integrity sha512-sucePNSafamSKoOqoNfBd8V0StlkzJKL2ZAhGQinCfNQ+oacw+Pk7lcdAElecBF2VkLNZRiIb5Oi1Q5lVUVt2A==

ytdl-core-discord@Kizuru/ytdl-core-discord:
  version "1.0.3"
  resolved "https://codeload.github.com/Kizuru/ytdl-core-discord/tar.gz/4bb2a4eba409bcfcc7ced7bfe77d109733884b9f"
  dependencies:
    "@types/node" "^11.11.3"
    prism-media "^1.0.1"
    ytdl-core "^1.0.3"

ytdl-core@^1.0.3:
  version "1.0.6"
  resolved "https://registry.yarnpkg.com/ytdl-core/-/ytdl-core-1.0.6.tgz#ced230fcfc506d50203affa15ea53a7c438bebda"
  integrity sha512-6+g8ZRxO4V7U4U8HiE3R2Or7MSOl5g8BIZ4Z6Wa/cGsNyqu5IStMJiR3I+HfI+4jGtSaHzAM2SrkVtIrjGcBNA==
  dependencies:
    html-entities "^1.1.3"
    m3u8stream "^0.6.3"
    miniget "^1.6.0"
    sax "^1.1.3"
